# This file is generated by running "yarn install" inside your project.
# Manual changes might be lost - proceed with caution!

__metadata:
  version: 6
  cacheKey: 8

"@khaf/shunting-yard@workspace:.":
  version: 0.0.0-use.local
  resolution: "@khaf/shunting-yard@workspace:."
  dependencies:
    "@napi-rs/cli": ^2.11.4
    "@types/node": 18
  languageName: unknown
  linkType: soft

"@napi-rs/cli@npm:^2.11.4":
  version: 2.12.0
  resolution: "@napi-rs/cli@npm:2.12.0"
  bin:
    napi: scripts/index.js
  checksum: 88e4cb33022ad9f2185a3e539d2b692f0c5edaeb55d8ecf2c92e512d1a68770f97d0d56ff7aa24595e83c783cbd8509309968052671b79bbed780340b9201c8f
  languageName: node
  linkType: hard

"@types/node@npm:18":
  version: 18.11.9
  resolution: "@types/node@npm:18.11.9"
  checksum: cc0aae109e9b7adefc32eecb838d6fad931663bb06484b5e9cbbbf74865c721b03d16fd8d74ad90e31dbe093d956a7c2c306ba5429ba0c00f3f7505103d7a496
  languageName: node
  linkType: hard
